
Microsoft Visual Studio Solution File, Format Version 12.00
# Visual Studio 2012
Project("{FAE04EC0-301F-11D3-BF4B-00C04F79EFBC}") = "Itemscan", "Itemscan\Itemscan.csproj", "{5CBF35C9-04D5-4B18-96DE-3AA4C22B7683}"
EndProject
Project("{FAE04EC0-301F-11D3-BF4B-00C04F79EFBC}") = "Itemscan.iOS", "iOS\Itemscan.iOS.csproj", "{8D481112-A447-469A-95C5-52B2F354283C}"
EndProject
Project("{FAE04EC0-301F-11D3-BF4B-00C04F79EFBC}") = "Itemscan.Droid", "Droid\Itemscan.Droid.csproj", "{E39A7E46-9BDA-4004-B0CA-9D47E661C032}"
EndProject
Global
	GlobalSection(SolutionConfigurationPlatforms) = preSolution
		Debug|Any CPU = Debug|Any CPU
		Release|Any CPU = Release|Any CPU
		Debug|iPhoneSimulator = Debug|iPhoneSimulator
		Release|iPhone = Release|iPhone
		Release|iPhoneSimulator = Release|iPhoneSimulator
		Debug|iPhone = Debug|iPhone
	EndGlobalSection
	GlobalSection(ProjectConfigurationPlatforms) = postSolution
		{5CBF35C9-04D5-4B18-96DE-3AA4C22B7683}.Debug|Any CPU.ActiveCfg = Debug|Any CPU
		{5CBF35C9-04D5-4B18-96DE-3AA4C22B7683}.Debug|Any CPU.Build.0 = Debug|Any CPU
		{5CBF35C9-04D5-4B18-96DE-3AA4C22B7683}.Release|Any CPU.ActiveCfg = Release|Any CPU
		{5CBF35C9-04D5-4B18-96DE-3AA4C22B7683}.Release|Any CPU.Build.0 = Release|Any CPU
		{5CBF35C9-04D5-4B18-96DE-3AA4C22B7683}.Debug|iPhoneSimulator.ActiveCfg = Debug|Any CPU
		{5CBF35C9-04D5-4B18-96DE-3AA4C22B7683}.Debug|iPhoneSimulator.Build.0 = Debug|Any CPU
		{5CBF35C9-04D5-4B18-96DE-3AA4C22B7683}.Release|iPhone.ActiveCfg = Release|Any CPU
		{5CBF35C9-04D5-4B18-96DE-3AA4C22B7683}.Release|iPhone.Build.0 = Release|Any CPU
		{5CBF35C9-04D5-4B18-96DE-3AA4C22B7683}.Release|iPhoneSimulator.ActiveCfg = Release|Any CPU
		{5CBF35C9-04D5-4B18-96DE-3AA4C22B7683}.Release|iPhoneSimulator.Build.0 = Release|Any CPU
		{5CBF35C9-04D5-4B18-96DE-3AA4C22B7683}.Debug|iPhone.ActiveCfg = Debug|Any CPU
		{5CBF35C9-04D5-4B18-96DE-3AA4C22B7683}.Debug|iPhone.Build.0 = Debug|Any CPU
		{8D481112-A447-469A-95C5-52B2F354283C}.Debug|Any CPU.ActiveCfg = Debug|iPhoneSimulator
		{8D481112-A447-469A-95C5-52B2F354283C}.Debug|Any CPU.Build.0 = Debug|iPhoneSimulator
		{8D481112-A447-469A-95C5-52B2F354283C}.Release|Any CPU.ActiveCfg = Release|iPhone
		{8D481112-A447-469A-95C5-52B2F354283C}.Release|Any CPU.Build.0 = Release|iPhone
		{8D481112-A447-469A-95C5-52B2F354283C}.Debug|iPhoneSimulator.ActiveCfg = Debug|iPhoneSimulator
		{8D481112-A447-469A-95C5-52B2F354283C}.Debug|iPhoneSimulator.Build.0 = Debug|iPhoneSimulator
		{8D481112-A447-469A-95C5-52B2F354283C}.Release|iPhone.ActiveCfg = Release|iPhone
		{8D481112-A447-469A-95C5-52B2F354283C}.Release|iPhone.Build.0 = Release|iPhone
		{8D481112-A447-469A-95C5-52B2F354283C}.Release|iPhoneSimulator.ActiveCfg = Release|iPhoneSimulator
		{8D481112-A447-469A-95C5-52B2F354283C}.Release|iPhoneSimulator.Build.0 = Release|iPhoneSimulator
		{8D481112-A447-469A-95C5-52B2F354283C}.Debug|iPhone.ActiveCfg = Debug|iPhone
		{8D481112-A447-469A-95C5-52B2F354283C}.Debug|iPhone.Build.0 = Debug|iPhone
		{E39A7E46-9BDA-4004-B0CA-9D47E661C032}.Debug|Any CPU.ActiveCfg = Debug|Any CPU
		{E39A7E46-9BDA-4004-B0CA-9D47E661C032}.Debug|Any CPU.Build.0 = Debug|Any CPU
		{E39A7E46-9BDA-4004-B0CA-9D47E661C032}.Release|Any CPU.ActiveCfg = Release|Any CPU
		{E39A7E46-9BDA-4004-B0CA-9D47E661C032}.Release|Any CPU.Build.0 = Release|Any CPU
		{E39A7E46-9BDA-4004-B0CA-9D47E661C032}.Debug|iPhoneSimulator.ActiveCfg = Debug|Any CPU
		{E39A7E46-9BDA-4004-B0CA-9D47E661C032}.Debug|iPhoneSimulator.Build.0 = Debug|Any CPU
		{E39A7E46-9BDA-4004-B0CA-9D47E661C032}.Release|iPhone.ActiveCfg = Release|Any CPU
		{E39A7E46-9BDA-4004-B0CA-9D47E661C032}.Release|iPhone.Build.0 = Release|Any CPU
		{E39A7E46-9BDA-4004-B0CA-9D47E661C032}.Release|iPhoneSimulator.ActiveCfg = Release|Any CPU
		{E39A7E46-9BDA-4004-B0CA-9D47E661C032}.Release|iPhoneSimulator.Build.0 = Release|Any CPU
		{E39A7E46-9BDA-4004-B0CA-9D47E661C032}.Debug|iPhone.ActiveCfg = Debug|Any CPU
		{E39A7E46-9BDA-4004-B0CA-9D47E661C032}.Debug|iPhone.Build.0 = Debug|Any CPU
	EndGlobalSection
EndGlobal
